
Microsoft Visual Studio Solution File, Format Version 12.00
# Visual Studio Version 16
VisualStudioVersion = 16.0.30907.101
MinimumVisualStudioVersion = 10.0.40219.1
Project("{FAE04EC0-301F-11D3-BF4B-00C04F79EFBC}") = "TeamSpeak3 Blacklist", "TeamSpeak3 Blacklist\TeamSpeak3 Blacklist.csproj", "{8897823F-3922-465D-803F-147594408AEE}"
EndProject
Global
	GlobalSection(SolutionConfigurationPlatforms) = preSolution
		Debug|Any CPU = Debug|Any CPU
		Release|Any CPU = Release|Any CPU
	EndGlobalSection
	GlobalSection(ProjectConfigurationPlatforms) = postSolution
		{8897823F-3922-465D-803F-147594408AEE}.Debug|Any CPU.ActiveCfg = Debug|Any CPU
		{8897823F-3922-465D-803F-147594408AEE}.Debug|Any CPU.Build.0 = Debug|Any CPU
		{8897823F-3922-465D-803F-147594408AEE}.Release|Any CPU.ActiveCfg = Release|Any CPU
		{8897823F-3922-465D-803F-147594408AEE}.Release|Any CPU.Build.0 = Release|Any CPU
	EndGlobalSection
	GlobalSection(SolutionProperties) = preSolution
		HideSolutionNode = FALSE
	EndGlobalSection
	GlobalSection(ExtensibilityGlobals) = postSolution
		SolutionGuid = {77D3FFC6-55D7-4144-8386-89A0266048C0}
	EndGlobalSection
EndGlobal
